
Microsoft Visual Studio Solution File, Format Version 12.00
# Visual Studio Version 16
VisualStudioVersion = 16.0.32630.194
MinimumVisualStudioVersion = 10.0.40219.1
Project("{FAE04EC0-301F-11D3-BF4B-00C04F79EFBC}") = "ToolTest", "ToolTest.csproj", "{8765E662-E29F-47D2-AE03-9EDFDDEC715C}"
EndProject
Global
	GlobalSection(SolutionConfigurationPlatforms) = preSolution
		Debug|Any CPU = Debug|Any CPU
		Release|Any CPU = Release|Any CPU
	EndGlobalSection
	GlobalSection(ProjectConfigurationPlatforms) = postSolution
		{8765E662-E29F-47D2-AE03-9EDFDDEC715C}.Debug|Any CPU.ActiveCfg = Debug|Any CPU
		{8765E662-E29F-47D2-AE03-9EDFDDEC715C}.Debug|Any CPU.Build.0 = Debug|Any CPU
		{8765E662-E29F-47D2-AE03-9EDFDDEC715C}.Release|Any CPU.ActiveCfg = Release|Any CPU
		{8765E662-E29F-47D2-AE03-9EDFDDEC715C}.Release|Any CPU.Build.0 = Release|Any CPU
	EndGlobalSection
	GlobalSection(SolutionProperties) = preSolution
		HideSolutionNode = FALSE
	EndGlobalSection
	GlobalSection(ExtensibilityGlobals) = postSolution
		SolutionGuid = {5EA4C60C-6AB5-4A44-B17C-E238899169B1}
	EndGlobalSection
EndGlobal
